// !$*UTF8*$!
{
	archiveVersion = 1;
	classes = {
	};
	objectVersion = 50;
	objects = {

/* Begin PBXBuildFile section */
		C726CAB025B5AE6E0098195F /* AppDelegate.swift in Sources */ = {isa = PBXBuildFile; fileRef = C726CAAF25B5AE6E0098195F /* AppDelegate.swift */; };
		C726CAB725B5AE6E0098195F /* Main.storyboard in Resources */ = {isa = PBXBuildFile; fileRef = C726CAB525B5AE6E0098195F /* Main.storyboard */; };
		C726CAB925B5AE6F0098195F /* Assets.xcassets in Resources */ = {isa = PBXBuildFile; fileRef = C726CAB825B5AE6F0098195F /* Assets.xcassets */; };
		C726CABC25B5AE6F0098195F /* LaunchScreen.storyboard in Resources */ = {isa = PBXBuildFile; fileRef = C726CABA25B5AE6F0098195F /* LaunchScreen.storyboard */; };
		C726CAC725B5AE6F0098195F /* EmoticonAppTests.swift in Sources */ = {isa = PBXBuildFile; fileRef = C726CAC625B5AE6F0098195F /* EmoticonAppTests.swift */; };
		C726CAD225B5AE6F0098195F /* EmoticonAppUITests.swift in Sources */ = {isa = PBXBuildFile; fileRef = C726CAD125B5AE6F0098195F /* EmoticonAppUITests.swift */; };
		C726CAE225B5B2120098195F /* TableViewController.swift in Sources */ = {isa = PBXBuildFile; fileRef = C726CAE125B5B2120098195F /* TableViewController.swift */; };
		C726CAF025B5BC400098195F /* SceneDelegate.swift in Sources */ = {isa = PBXBuildFile; fileRef = C726CAEF25B5BC400098195F /* SceneDelegate.swift */; };
/* End PBXBuildFile section */

/* Begin PBXContainerItemProxy section */
		C726CAC325B5AE6F0098195F /* PBXContainerItemProxy */ = {
			isa = PBXContainerItemProxy;
			containerPortal = C726CAA425B5AE6E0098195F /* Project object */;
			proxyType = 1;
			remoteGlobalIDString = C726CAAB25B5AE6E0098195F;
			remoteInfo = EmoticonApp;
		};
		C726CACE25B5AE6F0098195F /* PBXContainerItemProxy */ = {
			isa = PBXContainerItemProxy;
			containerPortal = C726CAA425B5AE6E0098195F /* Project object */;
			proxyType = 1;
			remoteGlobalIDString = C726CAAB25B5AE6E0098195F;
			remoteInfo = EmoticonApp;
		};
/* End PBXContainerItemProxy section */

/* Begin PBXFileReference section */
		C726CAAC25B5AE6E0098195F /* EmoticonApp.app */ = {isa = PBXFileReference; explicitFileType = wrapper.application; includeInIndex = 0; path = EmoticonApp.app; sourceTree = BUILT_PRODUCTS_DIR; };
		C726CAAF25B5AE6E0098195F /* AppDelegate.swift */ = {isa = PBXFileReference; lastKnownFileType = sourcecode.swift; path = AppDelegate.swift; sourceTree = "<group>"; };
		C726CAB625B5AE6E0098195F /* Base */ = {isa = PBXFileReference; lastKnownFileType = file.storyboard; name = Base; path = Base.lproj/Main.storyboard; sourceTree = "<group>"; };
		C726CAB825B5AE6F0098195F /* Assets.xcassets */ = {isa = PBXFileReference; lastKnownFileType = folder.assetcatalog; path = Assets.xcassets; sourceTree = "<group>"; };
		C726CABB25B5AE6F0098195F /* Base */ = {isa = PBXFileReference; lastKnownFileType = file.storyboard; name = Base; path = Base.lproj/LaunchScreen.storyboard; sourceTree = "<group>"; };
		C726CABD25B5AE6F0098195F /* Info.plist */ = {isa = PBXFileReference; lastKnownFileType = text.plist.xml; path = Info.plist; sourceTree = "<group>"; };
		C726CAC225B5AE6F0098195F /* EmoticonAppTests.xctest */ = {isa = PBXFileReference; explicitFileType = wrapper.cfbundle; includeInIndex = 0; path = EmoticonAppTests.xctest; sourceTree = BUILT_PRODUCTS_DIR; };
		C726CAC625B5AE6F0098195F /* EmoticonAppTests.swift */ = {isa = PBXFileReference; lastKnownFileType = sourcecode.swift; path = EmoticonAppTests.swift; sourceTree = "<group>"; };
		C726CAC825B5AE6F0098195F /* Info.plist */ = {isa = PBXFileReference; lastKnownFileType = text.plist.xml; path = Info.plist; sourceTree = "<group>"; };
		C726CACD25B5AE6F0098195F /* EmoticonAppUITests.xctest */ = {isa = PBXFileReference; explicitFileType = wrapper.cfbundle; includeInIndex = 0; path = EmoticonAppUITests.xctest; sourceTree = BUILT_PRODUCTS_DIR; };
		C726CAD125B5AE6F0098195F /* EmoticonAppUITests.swift */ = {isa = PBXFileReference; lastKnownFileType = sourcecode.swift; path = EmoticonAppUITests.swift; sourceTree = "<group>"; };
		C726CAD325B5AE6F0098195F /* Info.plist */ = {isa = PBXFileReference; lastKnownFileType = text.plist.xml; path = Info.plist; sourceTree = "<group>"; };
		C726CAE125B5B2120098195F /* TableViewController.swift */ = {isa = PBXFileReference; lastKnownFileType = sourcecode.swift; path = TableViewController.swift; sourceTree = "<group>"; };
		C726CAEF25B5BC400098195F /* SceneDelegate.swift */ = {isa = PBXFileReference; fileEncoding = 4; lastKnownFileType = sourcecode.swift; path = SceneDelegate.swift; sourceTree = "<group>"; };
/* End PBXFileReference section */

/* Begin PBXFrameworksBuildPhase section */
		C726CAA925B5AE6E0098195F /* Frameworks */ = {
			isa = PBXFrameworksBuildPhase;
			buildActionMask = 2147483647;
			files = (
			);
			runOnlyForDeploymentPostprocessing = 0;
		};
		C726CABF25B5AE6F0098195F /* Frameworks */ = {
			isa = PBXFrameworksBuildPhase;
			buildActionMask = 2147483647;
			files = (
			);
			runOnlyForDeploymentPostprocessing = 0;
		};
		C726CACA25B5AE6F0098195F /* Frameworks */ = {
			isa = PBXFrameworksBuildPhase;
			buildActionMask = 2147483647;
			files = (
			);
			runOnlyForDeploymentPostprocessing = 0;
		};
/* End PBXFrameworksBuildPhase section */

/* Begin PBXGroup section */
		C726CAA325B5AE6E0098195F = {
			isa = PBXGroup;
			children = (
				C726CAAE25B5AE6E0098195F /* EmoticonApp */,
				C726CAC525B5AE6F0098195F /* EmoticonAppTests */,
				C726CAD025B5AE6F0098195F /* EmoticonAppUITests */,
				C726CAAD25B5AE6E0098195F /* Products */,
			);
			sourceTree = "<group>";
		};
		C726CAAD25B5AE6E0098195F /* Products */ = {
			isa = PBXGroup;
			children = (
				C726CAAC25B5AE6E0098195F /* EmoticonApp.app */,
				C726CAC225B5AE6F0098195F /* EmoticonAppTests.xctest */,
				C726CACD25B5AE6F0098195F /* EmoticonAppUITests.xctest */,
			);
			name = Products;
			sourceTree = "<group>";
		};
		C726CAAE25B5AE6E0098195F /* EmoticonApp */ = {
			isa = PBXGroup;
			children = (
				C726CAAF25B5AE6E0098195F /* AppDelegate.swift */,
				C726CAE125B5B2120098195F /* TableViewController.swift */,
				C726CAB525B5AE6E0098195F /* Main.storyboard */,
				C726CAEF25B5BC400098195F /* SceneDelegate.swift */,
				C726CAB825B5AE6F0098195F /* Assets.xcassets */,
				C726CABA25B5AE6F0098195F /* LaunchScreen.storyboard */,
				C726CABD25B5AE6F0098195F /* Info.plist */,
			);
			path = EmoticonApp;
			sourceTree = "<group>";
		};
		C726CAC525B5AE6F0098195F /* EmoticonAppTests */ = {
			isa = PBXGroup;
			children = (
				C726CAC625B5AE6F0098195F /* EmoticonAppTests.swift */,
				C726CAC825B5AE6F0098195F /* Info.plist */,
			);
			path = EmoticonAppTests;
			sourceTree = "<group>";
		};
		C726CAD025B5AE6F0098195F /* EmoticonAppUITests */ = {
			isa = PBXGroup;
			children = (
				C726CAD125B5AE6F0098195F /* EmoticonAppUITests.swift */,
				C726CAD325B5AE6F0098195F /* Info.plist */,
			);
			path = EmoticonAppUITests;
			sourceTree = "<group>";
		};
/* End PBXGroup section */

/* Begin PBXNativeTarget section */
		C726CAAB25B5AE6E0098195F /* EmoticonApp */ = {
			isa = PBXNativeTarget;
			buildConfigurationList = C726CAD625B5AE6F0098195F /* Build configuration list for PBXNativeTarget "EmoticonApp" */;
			buildPhases = (
				C726CAA825B5AE6E0098195F /* Sources */,
				C726CAA925B5AE6E0098195F /* Frameworks */,
				C726CAAA25B5AE6E0098195F /* Resources */,
			);
			buildRules = (
			);
			dependencies = (
			);
			name = EmoticonApp;
			productName = EmoticonApp;
			productReference = C726CAAC25B5AE6E0098195F /* EmoticonApp.app */;
			productType = "com.apple.product-type.application";
		};
		C726CAC125B5AE6F0098195F /* EmoticonAppTests */ = {
			isa = PBXNativeTarget;
			buildConfigurationList = C726CAD925B5AE6F0098195F /* Build configuration list for PBXNativeTarget "EmoticonAppTests" */;
			buildPhases = (
				C726CABE25B5AE6F0098195F /* Sources */,
				C726CABF25B5AE6F0098195F /* Frameworks */,
				C726CAC025B5AE6F0098195F /* Resources */,
			);
			buildRules = (
			);
			dependencies = (
				C726CAC425B5AE6F0098195F /* PBXTargetDependency */,
			);
			name = EmoticonAppTests;
			productName = EmoticonAppTests;
			productReference = C726CAC225B5AE6F0098195F /* EmoticonAppTests.xctest */;
			productType = "com.apple.product-type.bundle.unit-test";
		};
		C726CACC25B5AE6F0098195F /* EmoticonAppUITests */ = {
			isa = PBXNativeTarget;
			buildConfigurationList = C726CADC25B5AE6F0098195F /* Build configuration list for PBXNativeTarget "EmoticonAppUITests" */;
			buildPhases = (
				C726CAC925B5AE6F0098195F /* Sources */,
				C726CACA25B5AE6F0098195F /* Frameworks */,
				C726CACB25B5AE6F0098195F /* Resources */,
			);
			buildRules = (
			);
			dependencies = (
				C726CACF25B5AE6F0098195F /* PBXTargetDependency */,
			);
			name = EmoticonAppUITests;
			productName = EmoticonAppUITests;
			productReference = C726CACD25B5AE6F0098195F /* EmoticonAppUITests.xctest */;
			productType = "com.apple.product-type.bundle.ui-testing";
		};
/* End PBXNativeTarget section */

/* Begin PBXProject section */
		C726CAA425B5AE6E0098195F /* Project object */ = {
			isa = PBXProject;
			attributes = {
				LastSwiftUpdateCheck = 1170;
				LastUpgradeCheck = 1170;
				ORGANIZATIONNAME = "이준형";
				TargetAttributes = {
					C726CAAB25B5AE6E0098195F = {
						CreatedOnToolsVersion = 11.7;
					};
					C726CAC125B5AE6F0098195F = {
						CreatedOnToolsVersion = 11.7;
						TestTargetID = C726CAAB25B5AE6E0098195F;
					};
					C726CACC25B5AE6F0098195F = {
						CreatedOnToolsVersion = 11.7;
						TestTargetID = C726CAAB25B5AE6E0098195F;
					};
				};
			};
			buildConfigurationList = C726CAA725B5AE6E0098195F /* Build configuration list for PBXProject "EmoticonApp" */;
			compatibilityVersion = "Xcode 9.3";
			developmentRegion = en;
			hasScannedForEncodings = 0;
			knownRegions = (
				en,
				Base,
			);
			mainGroup = C726CAA325B5AE6E0098195F;
			productRefGroup = C726CAAD25B5AE6E0098195F /* Products */;
			projectDirPath = "";
			projectRoot = "";
			targets = (
				C726CAAB25B5AE6E0098195F /* EmoticonApp */,
				C726CAC125B5AE6F0098195F /* EmoticonAppTests */,
				C726CACC25B5AE6F0098195F /* EmoticonAppUITests */,
			);
		};
/* End PBXProject section */

/* Begin PBXResourcesBuildPhase section */
		C726CAAA25B5AE6E0098195F /* Resources */ = {
			isa = PBXResourcesBuildPhase;
			buildActionMask = 2147483647;
			files = (
				C726CABC25B5AE6F0098195F /* LaunchScreen.storyboard in Resources */,
				C726CAB925B5AE6F0098195F /* Assets.xcassets in Resources */,
				C726CAB725B5AE6E0098195F /* Main.storyboard in Resources */,
			);
			runOnlyForDeploymentPostprocessing = 0;
		};
		C726CAC025B5AE6F0098195F /* Resources */ = {
			isa = PBXResourcesBuildPhase;
			buildActionMask = 2147483647;
			files = (
			);
			runOnlyForDeploymentPostprocessing = 0;
		};
		C726CACB25B5AE6F0098195F /* Resources */ = {
			isa = PBXResourcesBuildPhase;
			buildActionMask = 2147483647;
			files = (
			);
			runOnlyForDeploymentPostprocessing = 0;
		};
/* End PBXResourcesBuildPhase section */

/* Begin PBXSourcesBuildPhase section */
		C726CAA825B5AE6E0098195F /* Sources */ = {
			isa = PBXSourcesBuildPhase;
			buildActionMask = 2147483647;
			files = (
				C726CAB025B5AE6E0098195F /* AppDelegate.swift in Sources */,
				C726CAE225B5B2120098195F /* TableViewController.swift in Sources */,
				C726CAF025B5BC400098195F /* SceneDelegate.swift in Sources */,
			);
			runOnlyForDeploymentPostprocessing = 0;
		};
		C726CABE25B5AE6F0098195F /* Sources */ = {
			isa = PBXSourcesBuildPhase;
			buildActionMask = 2147483647;
			files = (
				C726CAC725B5AE6F0098195F /* EmoticonAppTests.swift in Sources */,
			);
			runOnlyForDeploymentPostprocessing = 0;
		};
		C726CAC925B5AE6F0098195F /* Sources */ = {
			isa = PBXSourcesBuildPhase;
			buildActionMask = 2147483647;
			files = (
				C726CAD225B5AE6F0098195F /* EmoticonAppUITests.swift in Sources */,
			);
			runOnlyForDeploymentPostprocessing = 0;
		};
/* End PBXSourcesBuildPhase section */

/* Begin PBXTargetDependency section */
		C726CAC425B5AE6F0098195F /* PBXTargetDependency */ = {
			isa = PBXTargetDependency;
			target = C726CAAB25B5AE6E0098195F /* EmoticonApp */;
			targetProxy = C726CAC325B5AE6F0098195F /* PBXContainerItemProxy */;
		};
		C726CACF25B5AE6F0098195F /* PBXTargetDependency */ = {
			isa = PBXTargetDependency;
			target = C726CAAB25B5AE6E0098195F /* EmoticonApp */;
			targetProxy = C726CACE25B5AE6F0098195F /* PBXContainerItemProxy */;
		};
/* End PBXTargetDependency section */

/* Begin PBXVariantGroup section */
		C726CAB525B5AE6E0098195F /* Main.storyboard */ = {
			isa = PBXVariantGroup;
			children = (
				C726CAB625B5AE6E0098195F /* Base */,
			);
			name = Main.storyboard;
			sourceTree = "<group>";
		};
		C726CABA25B5AE6F0098195F /* LaunchScreen.storyboard */ = {
			isa = PBXVariantGroup;
			children = (
				C726CABB25B5AE6F0098195F /* Base */,
			);
			name = LaunchScreen.storyboard;
			sourceTree = "<group>";
		};
/* End PBXVariantGroup section */

/* Begin XCBuildConfiguration section */
		C726CAD425B5AE6F0098195F /* Debug */ = {
			isa = XCBuildConfiguration;
			buildSettings = {
				ALWAYS_SEARCH_USER_PATHS = NO;
				CLANG_ANALYZER_NONNULL = YES;
				CLANG_ANALYZER_NUMBER_OBJECT_CONVERSION = YES_AGGRESSIVE;
				CLANG_CXX_LANGUAGE_STANDARD = "gnu++14";
				CLANG_CXX_LIBRARY = "libc++";
				CLANG_ENABLE_MODULES = YES;
				CLANG_ENABLE_OBJC_ARC = YES;
				CLANG_ENABLE_OBJC_WEAK = YES;
				CLANG_WARN_BLOCK_CAPTURE_AUTORELEASING = YES;
				CLANG_WARN_BOOL_CONVERSION = YES;
				CLANG_WARN_COMMA = YES;
				CLANG_WARN_CONSTANT_CONVERSION = YES;
				CLANG_WARN_DEPRECATED_OBJC_IMPLEMENTATIONS = YES;
				CLANG_WARN_DIRECT_OBJC_ISA_USAGE = YES_ERROR;
				CLANG_WARN_DOCUMENTATION_COMMENTS = YES;
				CLANG_WARN_EMPTY_BODY = YES;
				CLANG_WARN_ENUM_CONVERSION = YES;
				CLANG_WARN_INFINITE_RECURSION = YES;
				CLANG_WARN_INT_CONVERSION = YES;
				CLANG_WARN_NON_LITERAL_NULL_CONVERSION = YES;
				CLANG_WARN_OBJC_IMPLICIT_RETAIN_SELF = YES;
				CLANG_WARN_OBJC_LITERAL_CONVERSION = YES;
				CLANG_WARN_OBJC_ROOT_CLASS = YES_ERROR;
				CLANG_WARN_RANGE_LOOP_ANALYSIS = YES;
				CLANG_WARN_STRICT_PROTOTYPES = YES;
				CLANG_WARN_SUSPICIOUS_MOVE = YES;
				CLANG_WARN_UNGUARDED_AVAILABILITY = YES_AGGRESSIVE;
				CLANG_WARN_UNREACHABLE_CODE = YES;
				CLANG_WARN__DUPLICATE_METHOD_MATCH = YES;
				COPY_PHASE_STRIP = NO;
				DEBUG_INFORMATION_FORMAT = dwarf;
				ENABLE_STRICT_OBJC_MSGSEND = YES;
				ENABLE_TESTABILITY = YES;
				GCC_C_LANGUAGE_STANDARD = gnu11;
				GCC_DYNAMIC_NO_PIC = NO;
				GCC_NO_COMMON_BLOCKS = YES;
				GCC_OPTIMIZATION_LEVEL = 0;
				GCC_PREPROCESSOR_DEFINITIONS = (
					"DEBUG=1",
					"$(inherited)",
				);
				GCC_WARN_64_TO_32_BIT_CONVERSION = YES;
				GCC_WARN_ABOUT_RETURN_TYPE = YES_ERROR;
				GCC_WARN_UNDECLARED_SELECTOR = YES;
				GCC_WARN_UNINITIALIZED_AUTOS = YES_AGGRESSIVE;
				GCC_WARN_UNUSED_FUNCTION = YES;
				GCC_WARN_UNUSED_VARIABLE = YES;
				IPHONEOS_DEPLOYMENT_TARGET = 13.7;
				MTL_ENABLE_DEBUG_INFO = INCLUDE_SOURCE;
				MTL_FAST_MATH = YES;
				ONLY_ACTIVE_ARCH = YES;
				SDKROOT = iphoneos;
				SWIFT_ACTIVE_COMPILATION_CONDITIONS = DEBUG;
				SWIFT_OPTIMIZATION_LEVEL = "-Onone";
			};
			name = Debug;
		};
		C726CAD525B5AE6F0098195F /* Release */ = {
			isa = XCBuildConfiguration;
			buildSettings = {
				ALWAYS_SEARCH_USER_PATHS = NO;
				CLANG_ANALYZER_NONNULL = YES;
				CLANG_ANALYZER_NUMBER_OBJECT_CONVERSION = YES_AGGRESSIVE;
				CLANG_CXX_LANGUAGE_STANDARD = "gnu++14";
				CLANG_CXX_LIBRARY = "libc++";
				CLANG_ENABLE_MODULES = YES;
				CLANG_ENABLE_OBJC_ARC = YES;
				CLANG_ENABLE_OBJC_WEAK = YES;
				CLANG_WARN_BLOCK_CAPTURE_AUTORELEASING = YES;
				CLANG_WARN_BOOL_CONVERSION = YES;
				CLANG_WARN_COMMA = YES;
				CLANG_WARN_CONSTANT_CONVERSION = YES;
				CLANG_WARN_DEPRECATED_OBJC_IMPLEMENTATIONS = YES;
				CLANG_WARN_DIRECT_OBJC_ISA_USAGE = YES_ERROR;
				CLANG_WARN_DOCUMENTATION_COMMENTS = YES;
				CLANG_WARN_EMPTY_BODY = YES;
				CLANG_WARN_ENUM_CONVERSION = YES;
				CLANG_WARN_INFINITE_RECURSION = YES;
				CLANG_WARN_INT_CONVERSION = YES;
				CLANG_WARN_NON_LITERAL_NULL_CONVERSION = YES;
				CLANG_WARN_OBJC_IMPLICIT_RETAIN_SELF = YES;
				CLANG_WARN_OBJC_LITERAL_CONVERSION = YES;
				CLANG_WARN_OBJC_ROOT_CLASS = YES_ERROR;
				CLANG_WARN_RANGE_LOOP_ANALYSIS = YES;
				CLANG_WARN_STRICT_PROTOTYPES = YES;
				CLANG_WARN_SUSPICIOUS_MOVE = YES;
				CLANG_WARN_UNGUARDED_AVAILABILITY = YES_AGGRESSIVE;
				CLANG_WARN_UNREACHABLE_CODE = YES;
				CLANG_WARN__DUPLICATE_METHOD_MATCH = YES;
				COPY_PHASE_STRIP = NO;
				DEBUG_INFORMATION_FORMAT = "dwarf-with-dsym";
				ENABLE_NS_ASSERTIONS = NO;
				ENABLE_STRICT_OBJC_MSGSEND = YES;
				GCC_C_LANGUAGE_STANDARD = gnu11;
				GCC_NO_COMMON_BLOCKS = YES;
				GCC_WARN_64_TO_32_BIT_CONVERSION = YES;
				GCC_WARN_ABOUT_RETURN_TYPE = YES_ERROR;
				GCC_WARN_UNDECLARED_SELECTOR = YES;
				GCC_WARN_UNINITIALIZED_AUTOS = YES_AGGRESSIVE;
				GCC_WARN_UNUSED_FUNCTION = YES;
				GCC_WARN_UNUSED_VARIABLE = YES;
				IPHONEOS_DEPLOYMENT_TARGET = 13.7;
				MTL_ENABLE_DEBUG_INFO = NO;
				MTL_FAST_MATH = YES;
				SDKROOT = iphoneos;
				SWIFT_COMPILATION_MODE = wholemodule;
				SWIFT_OPTIMIZATION_LEVEL = "-O";
				VALIDATE_PRODUCT = YES;
			};
			name = Release;
		};
		C726CAD725B5AE6F0098195F /* Debug */ = {
			isa = XCBuildConfiguration;
			buildSettings = {
				ASSETCATALOG_COMPILER_APPICON_NAME = AppIcon;
				CODE_SIGN_STYLE = Automatic;
				DEVELOPMENT_TEAM = SFNDY59DA9;
				INFOPLIST_FILE = EmoticonApp/Info.plist;
				LD_RUNPATH_SEARCH_PATHS = (
					"$(inherited)",
					"@executable_path/Frameworks",
				);
				PRODUCT_BUNDLE_IDENTIFIER = com.kakaocorp.EmoticonApp;
				PRODUCT_NAME = "$(TARGET_NAME)";
				SWIFT_VERSION = 5.0;
				TARGETED_DEVICE_FAMILY = "1,2";
			};
			name = Debug;
		};
		C726CAD825B5AE6F0098195F /* Release */ = {
			isa = XCBuildConfiguration;
			buildSettings = {
				ASSETCATALOG_COMPILER_APPICON_NAME = AppIcon;
				CODE_SIGN_STYLE = Automatic;
				DEVELOPMENT_TEAM = SFNDY59DA9;
				INFOPLIST_FILE = EmoticonApp/Info.plist;
				LD_RUNPATH_SEARCH_PATHS = (
					"$(inherited)",
					"@executable_path/Frameworks",
				);
				PRODUCT_BUNDLE_IDENTIFIER = com.kakaocorp.EmoticonApp;
				PRODUCT_NAME = "$(TARGET_NAME)";
				SWIFT_VERSION = 5.0;
				TARGETED_DEVICE_FAMILY = "1,2";
			};
			name = Release;
		};
		C726CADA25B5AE6F0098195F /* Debug */ = {
			isa = XCBuildConfiguration;
			buildSettings = {
				ALWAYS_EMBED_SWIFT_STANDARD_LIBRARIES = YES;
				BUNDLE_LOADER = "$(TEST_HOST)";
				CODE_SIGN_STYLE = Automatic;
				DEVELOPMENT_TEAM = SFNDY59DA9;
				INFOPLIST_FILE = EmoticonAppTests/Info.plist;
				IPHONEOS_DEPLOYMENT_TARGET = 13.7;
				LD_RUNPATH_SEARCH_PATHS = (
					"$(inherited)",
					"@executable_path/Frameworks",
					"@loader_path/Frameworks",
				);
				PRODUCT_BUNDLE_IDENTIFIER = com.kakaocorp.EmoticonAppTests;
				PRODUCT_NAME = "$(TARGET_NAME)";
				SWIFT_VERSION = 5.0;
				TARGETED_DEVICE_FAMILY = "1,2";
				TEST_HOST = "$(BUILT_PRODUCTS_DIR)/EmoticonApp.app/EmoticonApp";
			};
			name = Debug;
		};
		C726CADB25B5AE6F0098195F /* Release */ = {
			isa = XCBuildConfiguration;
			buildSettings = {
				ALWAYS_EMBED_SWIFT_STANDARD_LIBRARIES = YES;
				BUNDLE_LOADER = "$(TEST_HOST)";
				CODE_SIGN_STYLE = Automatic;
				DEVELOPMENT_TEAM = SFNDY59DA9;
				INFOPLIST_FILE = EmoticonAppTests/Info.plist;
				IPHONEOS_DEPLOYMENT_TARGET = 13.7;
				LD_RUNPATH_SEARCH_PATHS = (
					"$(inherited)",
					"@executable_path/Frameworks",
					"@loader_path/Frameworks",
				);
				PRODUCT_BUNDLE_IDENTIFIER = com.kakaocorp.EmoticonAppTests;
				PRODUCT_NAME = "$(TARGET_NAME)";
				SWIFT_VERSION = 5.0;
				TARGETED_DEVICE_FAMILY = "1,2";
				TEST_HOST = "$(BUILT_PRODUCTS_DIR)/EmoticonApp.app/EmoticonApp";
			};
			name = Release;
		};
		C726CADD25B5AE6F0098195F /* Debug */ = {
			isa = XCBuildConfiguration;
			buildSettings = {
				ALWAYS_EMBED_SWIFT_STANDARD_LIBRARIES = YES;
				CODE_SIGN_STYLE = Automatic;
				DEVELOPMENT_TEAM = SFNDY59DA9;
				INFOPLIST_FILE = EmoticonAppUITests/Info.plist;
				LD_RUNPATH_SEARCH_PATHS = (
					"$(inherited)",
					"@executable_path/Frameworks",
					"@loader_path/Frameworks",
				);
				PRODUCT_BUNDLE_IDENTIFIER = com.kakaocorp.EmoticonAppUITests;
				PRODUCT_NAME = "$(TARGET_NAME)";
				SWIFT_VERSION = 5.0;
				TARGETED_DEVICE_FAMILY = "1,2";
				TEST_TARGET_NAME = EmoticonApp;
			};
			name = Debug;
		};
		C726CADE25B5AE6F0098195F /* Release */ = {
			isa = XCBuildConfiguration;
			buildSettings = {
				ALWAYS_EMBED_SWIFT_STANDARD_LIBRARIES = YES;
				CODE_SIGN_STYLE = Automatic;
				DEVELOPMENT_TEAM = SFNDY59DA9;
				INFOPLIST_FILE = EmoticonAppUITests/Info.plist;
				LD_RUNPATH_SEARCH_PATHS = (
					"$(inherited)",
					"@executable_path/Frameworks",
					"@loader_path/Frameworks",
				);
				PRODUCT_BUNDLE_IDENTIFIER = com.kakaocorp.EmoticonAppUITests;
				PRODUCT_NAME = "$(TARGET_NAME)";
				SWIFT_VERSION = 5.0;
				TARGETED_DEVICE_FAMILY = "1,2";
				TEST_TARGET_NAME = EmoticonApp;
			};
			name = Release;
		};
/* End XCBuildConfiguration section */

/* Begin XCConfigurationList section */
		C726CAA725B5AE6E0098195F /* Build configuration list for PBXProject "EmoticonApp" */ = {
			isa = XCConfigurationList;
			buildConfigurations = (
				C726CAD425B5AE6F0098195F /* Debug */,
				C726CAD525B5AE6F0098195F /* Release */,
			);
			defaultConfigurationIsVisible = 0;
			defaultConfigurationName = Release;
		};
		C726CAD625B5AE6F0098195F /* Build configuration list for PBXNativeTarget "EmoticonApp" */ = {
			isa = XCConfigurationList;
			buildConfigurations = (
				C726CAD725B5AE6F0098195F /* Debug */,
				C726CAD825B5AE6F0098195F /* Release */,
			);
			defaultConfigurationIsVisible = 0;
			defaultConfigurationName = Release;
		};
		C726CAD925B5AE6F0098195F /* Build configuration list for PBXNativeTarget "EmoticonAppTests" */ = {
			isa = XCConfigurationList;
			buildConfigurations = (
				C726CADA25B5AE6F0098195F /* Debug */,
				C726CADB25B5AE6F0098195F /* Release */,
			);
			defaultConfigurationIsVisible = 0;
			defaultConfigurationName = Release;
		};
		C726CADC25B5AE6F0098195F /* Build configuration list for PBXNativeTarget "EmoticonAppUITests" */ = {
			isa = XCConfigurationList;
			buildConfigurations = (
				C726CADD25B5AE6F0098195F /* Debug */,
				C726CADE25B5AE6F0098195F /* Release */,
			);
			defaultConfigurationIsVisible = 0;
			defaultConfigurationName = Release;
		};
/* End XCConfigurationList section */
	};
	rootObject = C726CAA425B5AE6E0098195F /* Project object */;
}
